
Microsoft Visual Studio Solution File, Format Version 12.00
# Visual Studio Version 16
VisualStudioVersion = 16.0.29926.136
MinimumVisualStudioVersion = 10.0.40219.1
Project("{FAE04EC0-301F-11D3-BF4B-00C04F79EFBC}") = "QLDBSample", "QLDBSample\QLDBSample.csproj", "{83BC1830-C0EC-4DFE-898A-0104D84C5F3C}"
EndProject
Global
	GlobalSection(SolutionConfigurationPlatforms) = preSolution
		Debug|Any CPU = Debug|Any CPU
		Release|Any CPU = Release|Any CPU
	EndGlobalSection
	GlobalSection(ProjectConfigurationPlatforms) = postSolution
		{83BC1830-C0EC-4DFE-898A-0104D84C5F3C}.Debug|Any CPU.ActiveCfg = Debug|Any CPU
		{83BC1830-C0EC-4DFE-898A-0104D84C5F3C}.Debug|Any CPU.Build.0 = Debug|Any CPU
		{83BC1830-C0EC-4DFE-898A-0104D84C5F3C}.Release|Any CPU.ActiveCfg = Release|Any CPU
		{83BC1830-C0EC-4DFE-898A-0104D84C5F3C}.Release|Any CPU.Build.0 = Release|Any CPU
	EndGlobalSection
	GlobalSection(SolutionProperties) = preSolution
		HideSolutionNode = FALSE
	EndGlobalSection
	GlobalSection(ExtensibilityGlobals) = postSolution
		SolutionGuid = {756FC2AA-38DD-4A02-BEBA-C287C2FC35E6}
	EndGlobalSection
EndGlobal
